
Microsoft Visual Studio Solution File, Format Version 12.00
# Visual Studio Version 17
VisualStudioVersion = 17.9.34723.18
MinimumVisualStudioVersion = 10.0.40219.1
Project("{FAE04EC0-301F-11D3-BF4B-00C04F79EFBC}") = "csharp-net-forms-picture-matching-game", "csharp-net-forms-picture-matching-game\csharp-net-forms-picture-matching-game.csproj", "{F2FA40F0-8550-4ED0-BC25-DBB64B9918BA}"
EndProject
Global
	GlobalSection(SolutionConfigurationPlatforms) = preSolution
		Debug|Any CPU = Debug|Any CPU
		Release|Any CPU = Release|Any CPU
	EndGlobalSection
	GlobalSection(ProjectConfigurationPlatforms) = postSolution
		{F2FA40F0-8550-4ED0-BC25-DBB64B9918BA}.Debug|Any CPU.ActiveCfg = Debug|Any CPU
		{F2FA40F0-8550-4ED0-BC25-DBB64B9918BA}.Debug|Any CPU.Build.0 = Debug|Any CPU
		{F2FA40F0-8550-4ED0-BC25-DBB64B9918BA}.Release|Any CPU.ActiveCfg = Release|Any CPU
		{F2FA40F0-8550-4ED0-BC25-DBB64B9918BA}.Release|Any CPU.Build.0 = Release|Any CPU
	EndGlobalSection
	GlobalSection(SolutionProperties) = preSolution
		HideSolutionNode = FALSE
	EndGlobalSection
	GlobalSection(ExtensibilityGlobals) = postSolution
		SolutionGuid = {F182B9A0-87AC-46C4-B998-ACEE46B85998}
	EndGlobalSection
EndGlobal
